
Microsoft Visual Studio Solution File, Format Version 12.00
# Visual Studio Version 17
VisualStudioVersion = 17.4.33205.214
MinimumVisualStudioVersion = 10.0.40219.1
Project("{9A19103F-16F7-4668-BE54-9A1E7A4F7556}") = "Ubuntu.Server.API", "Ubuntu.Server.API\Ubuntu.Server.API.csproj", "{37D8BA43-FB8E-4ADC-A2C4-4FD1486B2DD1}"
EndProject
Project("{2150E333-8FDC-42A3-9474-1A3956D46DE8}") = "Presentation Layer", "Presentation Layer", "{604F9301-9C61-467E-A75C-6A73FECE7B2F}"
	ProjectSection(SolutionItems) = preProject
		.dockerignore = .dockerignore
		.gitignore = .gitignore
		Dockerfile = Dockerfile
	EndProjectSection
EndProject
Project("{2150E333-8FDC-42A3-9474-1A3956D46DE8}") = "Domain Layer", "Domain Layer", "{2FDBC434-3E6A-4C8F-85F0-2240B7618A23}"
EndProject
Project("{2150E333-8FDC-42A3-9474-1A3956D46DE8}") = "Data Access Layer", "Data Access Layer", "{4FDFA370-57AE-4916-B1AC-4ED48BCC9DB0}"
EndProject
Project("{9A19103F-16F7-4668-BE54-9A1E7A4F7556}") = "DomainService.Contracts", "DomainService.Contracts\DomainService.Contracts.csproj", "{B54C5E70-664F-4E99-857A-630B3030F23C}"
EndProject
Project("{9A19103F-16F7-4668-BE54-9A1E7A4F7556}") = "DataAccess.Entities", "DataAccess.Entities\DataAccess.Entities.csproj", "{6AB58AE1-5196-4854-BF78-C0A4DC160088}"
EndProject
Project("{9A19103F-16F7-4668-BE54-9A1E7A4F7556}") = "Domain.Service", "Domain.Service\Domain.Service.csproj", "{7B730276-D61A-4D44-8F59-0B4EAC89A5BA}"
EndProject
Project("{9A19103F-16F7-4668-BE54-9A1E7A4F7556}") = "DataAccess.DataAccess", "DataAccess.DataAccess\DataAccess.DataAccess.csproj", "{C1DB49B7-0CAA-44EB-8F0C-1BC818E5F1E6}"
EndProject
Project("{2150E333-8FDC-42A3-9474-1A3956D46DE8}") = "Infraestructure", "Infraestructure", "{463F6002-97A0-451E-A5BB-48F4BD15A665}"
EndProject
Project("{9A19103F-16F7-4668-BE54-9A1E7A4F7556}") = "Infraestructure.Factories", "Infraestructure.Factories\Infraestructure.Factories.csproj", "{0F3806C4-022A-4D0F-8146-3D1F70D3E8C4}"
EndProject
Project("{2150E333-8FDC-42A3-9474-1A3956D46DE8}") = "Tests", "Tests", "{FA0C7BEC-E383-4368-9818-AAEB7FAC10C8}"
EndProject
Project("{FAE04EC0-301F-11D3-BF4B-00C04F79EFBC}") = "Ubuntu.Server.API.Tests.DomainLayerTests", "Ubuntu.Server.API.Tests.DomainLayerTests\Ubuntu.Server.API.Tests.DomainLayerTests.csproj", "{A5B2382D-306D-4E7F-B3AF-3FFE4D3AF39E}"
EndProject
Global
	GlobalSection(SolutionConfigurationPlatforms) = preSolution
		Debug|Any CPU = Debug|Any CPU
		Release|Any CPU = Release|Any CPU
	EndGlobalSection
	GlobalSection(ProjectConfigurationPlatforms) = postSolution
		{37D8BA43-FB8E-4ADC-A2C4-4FD1486B2DD1}.Debug|Any CPU.ActiveCfg = Debug|Any CPU
		{37D8BA43-FB8E-4ADC-A2C4-4FD1486B2DD1}.Debug|Any CPU.Build.0 = Debug|Any CPU
		{37D8BA43-FB8E-4ADC-A2C4-4FD1486B2DD1}.Release|Any CPU.ActiveCfg = Release|Any CPU
		{37D8BA43-FB8E-4ADC-A2C4-4FD1486B2DD1}.Release|Any CPU.Build.0 = Release|Any CPU
		{B54C5E70-664F-4E99-857A-630B3030F23C}.Debug|Any CPU.ActiveCfg = Debug|Any CPU
		{B54C5E70-664F-4E99-857A-630B3030F23C}.Debug|Any CPU.Build.0 = Debug|Any CPU
		{B54C5E70-664F-4E99-857A-630B3030F23C}.Release|Any CPU.ActiveCfg = Release|Any CPU
		{B54C5E70-664F-4E99-857A-630B3030F23C}.Release|Any CPU.Build.0 = Release|Any CPU
		{6AB58AE1-5196-4854-BF78-C0A4DC160088}.Debug|Any CPU.ActiveCfg = Debug|Any CPU
		{6AB58AE1-5196-4854-BF78-C0A4DC160088}.Debug|Any CPU.Build.0 = Debug|Any CPU
		{6AB58AE1-5196-4854-BF78-C0A4DC160088}.Release|Any CPU.ActiveCfg = Release|Any CPU
		{6AB58AE1-5196-4854-BF78-C0A4DC160088}.Release|Any CPU.Build.0 = Release|Any CPU
		{7B730276-D61A-4D44-8F59-0B4EAC89A5BA}.Debug|Any CPU.ActiveCfg = Debug|Any CPU
		{7B730276-D61A-4D44-8F59-0B4EAC89A5BA}.Debug|Any CPU.Build.0 = Debug|Any CPU
		{7B730276-D61A-4D44-8F59-0B4EAC89A5BA}.Release|Any CPU.ActiveCfg = Release|Any CPU
		{7B730276-D61A-4D44-8F59-0B4EAC89A5BA}.Release|Any CPU.Build.0 = Release|Any CPU
		{C1DB49B7-0CAA-44EB-8F0C-1BC818E5F1E6}.Debug|Any CPU.ActiveCfg = Debug|Any CPU
		{C1DB49B7-0CAA-44EB-8F0C-1BC818E5F1E6}.Debug|Any CPU.Build.0 = Debug|Any CPU
		{C1DB49B7-0CAA-44EB-8F0C-1BC818E5F1E6}.Release|Any CPU.ActiveCfg = Release|Any CPU
		{C1DB49B7-0CAA-44EB-8F0C-1BC818E5F1E6}.Release|Any CPU.Build.0 = Release|Any CPU
		{0F3806C4-022A-4D0F-8146-3D1F70D3E8C4}.Debug|Any CPU.ActiveCfg = Debug|Any CPU
		{0F3806C4-022A-4D0F-8146-3D1F70D3E8C4}.Debug|Any CPU.Build.0 = Debug|Any CPU
		{0F3806C4-022A-4D0F-8146-3D1F70D3E8C4}.Release|Any CPU.ActiveCfg = Release|Any CPU
		{0F3806C4-022A-4D0F-8146-3D1F70D3E8C4}.Release|Any CPU.Build.0 = Release|Any CPU
		{A5B2382D-306D-4E7F-B3AF-3FFE4D3AF39E}.Debug|Any CPU.ActiveCfg = Debug|Any CPU
		{A5B2382D-306D-4E7F-B3AF-3FFE4D3AF39E}.Debug|Any CPU.Build.0 = Debug|Any CPU
		{A5B2382D-306D-4E7F-B3AF-3FFE4D3AF39E}.Release|Any CPU.ActiveCfg = Release|Any CPU
		{A5B2382D-306D-4E7F-B3AF-3FFE4D3AF39E}.Release|Any CPU.Build.0 = Release|Any CPU
	EndGlobalSection
	GlobalSection(SolutionProperties) = preSolution
		HideSolutionNode = FALSE
	EndGlobalSection
	GlobalSection(NestedProjects) = preSolution
		{37D8BA43-FB8E-4ADC-A2C4-4FD1486B2DD1} = {604F9301-9C61-467E-A75C-6A73FECE7B2F}
		{B54C5E70-664F-4E99-857A-630B3030F23C} = {2FDBC434-3E6A-4C8F-85F0-2240B7618A23}
		{6AB58AE1-5196-4854-BF78-C0A4DC160088} = {4FDFA370-57AE-4916-B1AC-4ED48BCC9DB0}
		{7B730276-D61A-4D44-8F59-0B4EAC89A5BA} = {2FDBC434-3E6A-4C8F-85F0-2240B7618A23}
		{C1DB49B7-0CAA-44EB-8F0C-1BC818E5F1E6} = {4FDFA370-57AE-4916-B1AC-4ED48BCC9DB0}
		{0F3806C4-022A-4D0F-8146-3D1F70D3E8C4} = {463F6002-97A0-451E-A5BB-48F4BD15A665}
		{A5B2382D-306D-4E7F-B3AF-3FFE4D3AF39E} = {FA0C7BEC-E383-4368-9818-AAEB7FAC10C8}
	EndGlobalSection
	GlobalSection(ExtensibilityGlobals) = postSolution
		SolutionGuid = {1219BB58-E2F9-4005-AF9D-A9616D94F1E3}
	EndGlobalSection
EndGlobal
